<?xml version="1.0" encoding="utf-8"?>
<Project ToolsVersion="4.0" xmlns="http://schemas.microsoft.com/developer/msbuild/2003">
  <ItemGroup>
    <Filter Include="Source Files">
      <UniqueIdentifier>{4FC737F1-C7A5-4376-A066-2A32D752A2FF}</UniqueIdentifier>
      <Extensions>cpp;c;cc;cxx;c++;cppm;ixx;def;odl;idl;hpj;bat;asm;asmx</Extensions>
    </Filter>
    <Filter Include="Resource Files">
      <UniqueIdentifier>{67DA6AB6-F800-4c08-8B7A-83BB121AAD01}</UniqueIdentifier>
      <Extensions>rc;ico;cur;bmp;dlg;rc2;rct;bin;rgs;gif;jpg;jpeg;jpe;resx;tiff;tif;png;wav;mfcribbon-ms</Extensions>
    </Filter>
    <Filter Include="Header Files">
      <UniqueIdentifier>{819f353c-6185-42b6-bc73-4dec83585145}</UniqueIdentifier>
    </Filter>
    <Filter Include="Header Files\models">
      <UniqueIdentifier>{208645c2-6ca9-4ec4-97e8-dfd1da3a0905}</UniqueIdentifier>
    </Filter>
  </ItemGroup>
  <ItemGroup>
    <ClCompile Include="source\crypt.cpp">
      <Filter>Source Files</Filter>
    </ClCompile>
    <ClCompile Include="source\database.cpp">
      <Filter>Source Files</Filter>
    </ClCompile>
    <ClCompile Include="source\matrix.cpp">
      <Filter>Source Files</Filter>
    </ClCompile>
    <ClCompile Include="source\utils.cpp">
      <Filter>Source Files</Filter>
    </ClCompile>
    <ClCompile Include="source\pch.cpp">
      <Filter>Source Files</Filter>
    </ClCompile>
    <ClCompile Include="source\smtp.cpp">
      <Filter>Source Files</Filter>
    </ClCompile>
    <ClCompile Include="source\manager.cpp">
      <Filter>Source Files</Filter>
    </ClCompile>
    <ClCompile Include="source\misc.cpp">
      <Filter>Source Files</Filter>
    </ClCompile>
    <ClCompile Include="source\debug.cpp">
      <Filter>Source Files</Filter>
    </ClCompile>
    <ClCompile Include="source\user.cpp">
      <Filter>Source Files</Filter>
    </ClCompile>
    <ClCompile Include="source\movie.cpp">
      <Filter>Source Files</Filter>
    </ClCompile>
    <ClCompile Include="source\booking.cpp">
      <Filter>Source Files</Filter>
    </ClCompile>
    <ClCompile Include="source\show.cpp">
      <Filter>Source Files</Filter>
    </ClCompile>
  </ItemGroup>
  <ItemGroup>
    <ClInclude Include="include\core\crypt.h">
      <Filter>Header Files</Filter>
    </ClInclude>
    <ClInclude Include="include\core\database.h">
      <Filter>Header Files</Filter>
    </ClInclude>
    <ClInclude Include="include\core\misc.h">
      <Filter>Header Files</Filter>
    </ClInclude>
    <ClInclude Include="include\core\matrix.h">
      <Filter>Header Files</Filter>
    </ClInclude>
    <ClInclude Include="include\core\utils.h">
      <Filter>Header Files</Filter>
    </ClInclude>
    <ClInclude Include="include\core\type.h">
      <Filter>Header Files</Filter>
    </ClInclude>
    <ClInclude Include="include\core\smtp.h">
      <Filter>Header Files</Filter>
    </ClInclude>
    <ClInclude Include="include\core\manager.h">
      <Filter>Header Files</Filter>
    </ClInclude>
    <ClInclude Include="include\core\debug.h">
      <Filter>Header Files</Filter>
    </ClInclude>
    <ClInclude Include="include\core\pch.h">
      <Filter>Header Files</Filter>
    </ClInclude>
    <ClInclude Include="include\core\models\movie.h">
      <Filter>Header Files\models</Filter>
    </ClInclude>
    <ClInclude Include="include\core\models\user.h">
      <Filter>Header Files\models</Filter>
    </ClInclude>
    <ClInclude Include="include\core\models\show.h">
      <Filter>Header Files\models</Filter>
    </ClInclude>
    <ClInclude Include="include\core\models\booking.h">
      <Filter>Header Files\models</Filter>
    </ClInclude>
  </ItemGroup>
</Project>